// !$*UTF8*$!
{
	archiveVersion = 1;
	classes = {
	};
	objectVersion = 50;
	objects = {

/* Begin PBXBuildFile section */
		0A8B3BDC2080AF4D009154EC /* AppDelegate.mm in Sources */ = {isa = PBXBuildFile; fileRef = 0A8B3BDB2080AF4D009154EC /* AppDelegate.mm */; };
		0A8B3BDF2080AF4D009154EC /* ViewController.mm in Sources */ = {isa = PBXBuildFile; fileRef = 0A8B3BDE2080AF4D009154EC /* ViewController.mm */; };
		0A8B3BE22080AF4D009154EC /* Main.storyboard in Resources */ = {isa = PBXBuildFile; fileRef = 0A8B3BE02080AF4D009154EC /* Main.storyboard */; };
		0A8B3BE42080AF4E009154EC /* Assets.xcassets in Resources */ = {isa = PBXBuildFile; fileRef = 0A8B3BE32080AF4E009154EC /* Assets.xcassets */; };
		0A8B3BE72080AF4E009154EC /* LaunchScreen.storyboard in Resources */ = {isa = PBXBuildFile; fileRef = 0A8B3BE52080AF4E009154EC /* LaunchScreen.storyboard */; };
		0A8B3BEA2080AF4E009154EC /* main.m in Sources */ = {isa = PBXBuildFile; fileRef = 0A8B3BE92080AF4E009154EC /* main.m */; };
		0A8B3DEB2080CFCC009154EC /* CocoVContentComponet.mm in Sources */ = {isa = PBXBuildFile; fileRef = 0A8B3DDE2080CFCB009154EC /* CocoVContentComponet.mm */; };
		0A8B3DEC2080CFCC009154EC /* CocoImageDownloader.mm in Sources */ = {isa = PBXBuildFile; fileRef = 0A8B3DDF2080CFCB009154EC /* CocoImageDownloader.mm */; };
		0A8B3DED2080CFCC009154EC /* CocoVFooterComponet.mm in Sources */ = {isa = PBXBuildFile; fileRef = 0A8B3DE02080CFCB009154EC /* CocoVFooterComponet.mm */; };
		0A8B3DEE2080CFCC009154EC /* CocoVHeaderComponet.mm in Sources */ = {isa = PBXBuildFile; fileRef = 0A8B3DE42080CFCB009154EC /* CocoVHeaderComponet.mm */; };
		0A8B3DEF2080CFCC009154EC /* CocoVComponet.mm in Sources */ = {isa = PBXBuildFile; fileRef = 0A8B3DE62080CFCB009154EC /* CocoVComponet.mm */; };
		0A8B3DF02080CFCC009154EC /* CocoModel.m in Sources */ = {isa = PBXBuildFile; fileRef = 0A8B3DE82080CFCC009154EC /* CocoModel.m */; };
		0A8B3DF12080CFCC009154EC /* CocoVC.mm in Sources */ = {isa = PBXBuildFile; fileRef = 0A8B3DEA2080CFCC009154EC /* CocoVC.mm */; };
/* End PBXBuildFile section */

/* Begin PBXCopyFilesBuildPhase section */
		0A8B3DB82080CCD9009154EC /* Embed Frameworks */ = {
			isa = PBXCopyFilesBuildPhase;
			buildActionMask = 2147483647;
			dstPath = "";
			dstSubfolderSpec = 10;
			files = (
			);
			name = "Embed Frameworks";
			runOnlyForDeploymentPostprocessing = 0;
		};
/* End PBXCopyFilesBuildPhase section */

/* Begin PBXFileReference section */
		0A8B3BD72080AF4D009154EC /* FBComponentkitDemo.app */ = {isa = PBXFileReference; explicitFileType = wrapper.application; includeInIndex = 0; path = FBComponentkitDemo.app; sourceTree = BUILT_PRODUCTS_DIR; };
		0A8B3BDA2080AF4D009154EC /* AppDelegate.h */ = {isa = PBXFileReference; lastKnownFileType = sourcecode.c.h; path = AppDelegate.h; sourceTree = "<group>"; };
		0A8B3BDB2080AF4D009154EC /* AppDelegate.mm */ = {isa = PBXFileReference; lastKnownFileType = sourcecode.cpp.objcpp; path = AppDelegate.mm; sourceTree = "<group>"; };
		0A8B3BDD2080AF4D009154EC /* ViewController.h */ = {isa = PBXFileReference; lastKnownFileType = sourcecode.c.h; path = ViewController.h; sourceTree = "<group>"; };
		0A8B3BDE2080AF4D009154EC /* ViewController.mm */ = {isa = PBXFileReference; lastKnownFileType = sourcecode.cpp.objcpp; path = ViewController.mm; sourceTree = "<group>"; };
		0A8B3BE12080AF4D009154EC /* Base */ = {isa = PBXFileReference; lastKnownFileType = file.storyboard; name = Base; path = Base.lproj/Main.storyboard; sourceTree = "<group>"; };
		0A8B3BE32080AF4E009154EC /* Assets.xcassets */ = {isa = PBXFileReference; lastKnownFileType = folder.assetcatalog; path = Assets.xcassets; sourceTree = "<group>"; };
		0A8B3BE62080AF4E009154EC /* Base */ = {isa = PBXFileReference; lastKnownFileType = file.storyboard; name = Base; path = Base.lproj/LaunchScreen.storyboard; sourceTree = "<group>"; };
		0A8B3BE82080AF4E009154EC /* Info.plist */ = {isa = PBXFileReference; lastKnownFileType = text.plist.xml; path = Info.plist; sourceTree = "<group>"; };
		0A8B3BE92080AF4E009154EC /* main.m */ = {isa = PBXFileReference; lastKnownFileType = sourcecode.c.objc; path = main.m; sourceTree = "<group>"; };
		0A8B3DDD2080CFCB009154EC /* CocoImageDownloader.h */ = {isa = PBXFileReference; fileEncoding = 4; lastKnownFileType = sourcecode.c.h; path = CocoImageDownloader.h; sourceTree = "<group>"; };
		0A8B3DDE2080CFCB009154EC /* CocoVContentComponet.mm */ = {isa = PBXFileReference; fileEncoding = 4; lastKnownFileType = sourcecode.cpp.objcpp; path = CocoVContentComponet.mm; sourceTree = "<group>"; };
		0A8B3DDF2080CFCB009154EC /* CocoImageDownloader.mm */ = {isa = PBXFileReference; fileEncoding = 4; lastKnownFileType = sourcecode.cpp.objcpp; path = CocoImageDownloader.mm; sourceTree = "<group>"; };
		0A8B3DE02080CFCB009154EC /* CocoVFooterComponet.mm */ = {isa = PBXFileReference; fileEncoding = 4; lastKnownFileType = sourcecode.cpp.objcpp; path = CocoVFooterComponet.mm; sourceTree = "<group>"; };
		0A8B3DE12080CFCB009154EC /* CocoVComponet.h */ = {isa = PBXFileReference; fileEncoding = 4; lastKnownFileType = sourcecode.c.h; path = CocoVComponet.h; sourceTree = "<group>"; };
		0A8B3DE22080CFCB009154EC /* CocoVHeaderComponet.h */ = {isa = PBXFileReference; fileEncoding = 4; lastKnownFileType = sourcecode.c.h; path = CocoVHeaderComponet.h; sourceTree = "<group>"; };
		0A8B3DE32080CFCB009154EC /* CocoVContentComponet.h */ = {isa = PBXFileReference; fileEncoding = 4; lastKnownFileType = sourcecode.c.h; path = CocoVContentComponet.h; sourceTree = "<group>"; };
		0A8B3DE42080CFCB009154EC /* CocoVHeaderComponet.mm */ = {isa = PBXFileReference; fileEncoding = 4; lastKnownFileType = sourcecode.cpp.objcpp; path = CocoVHeaderComponet.mm; sourceTree = "<group>"; };
		0A8B3DE52080CFCB009154EC /* CocoVFooterComponet.h */ = {isa = PBXFileReference; fileEncoding = 4; lastKnownFileType = sourcecode.c.h; path = CocoVFooterComponet.h; sourceTree = "<group>"; };
		0A8B3DE62080CFCB009154EC /* CocoVComponet.mm */ = {isa = PBXFileReference; fileEncoding = 4; lastKnownFileType = sourcecode.cpp.objcpp; path = CocoVComponet.mm; sourceTree = "<group>"; };
		0A8B3DE72080CFCC009154EC /* CocoModel.h */ = {isa = PBXFileReference; fileEncoding = 4; lastKnownFileType = sourcecode.c.h; path = CocoModel.h; sourceTree = "<group>"; };
		0A8B3DE82080CFCC009154EC /* CocoModel.m */ = {isa = PBXFileReference; fileEncoding = 4; lastKnownFileType = sourcecode.c.objc; path = CocoModel.m; sourceTree = "<group>"; };
		0A8B3DE92080CFCC009154EC /* CocoVC.h */ = {isa = PBXFileReference; fileEncoding = 4; lastKnownFileType = sourcecode.c.h; path = CocoVC.h; sourceTree = "<group>"; };
		0A8B3DEA2080CFCC009154EC /* CocoVC.mm */ = {isa = PBXFileReference; fileEncoding = 4; lastKnownFileType = sourcecode.cpp.objcpp; path = CocoVC.mm; sourceTree = "<group>"; };
/* End PBXFileReference section */

/* Begin PBXFrameworksBuildPhase section */
		0A8B3BD42080AF4D009154EC /* Frameworks */ = {
			isa = PBXFrameworksBuildPhase;
			buildActionMask = 2147483647;
			files = (
			);
			runOnlyForDeploymentPostprocessing = 0;
		};
/* End PBXFrameworksBuildPhase section */

/* Begin PBXGroup section */
		0A8B3BCE2080AF4D009154EC = {
			isa = PBXGroup;
			children = (
				0A8B3BD92080AF4D009154EC /* FBComponentkitDemo */,
				0A8B3BD82080AF4D009154EC /* Products */,
				0A8B3DB22080CCD0009154EC /* Frameworks */,
			);
			sourceTree = "<group>";
		};
		0A8B3BD82080AF4D009154EC /* Products */ = {
			isa = PBXGroup;
			children = (
				0A8B3BD72080AF4D009154EC /* FBComponentkitDemo.app */,
			);
			name = Products;
			sourceTree = "<group>";
		};
		0A8B3BD92080AF4D009154EC /* FBComponentkitDemo */ = {
			isa = PBXGroup;
			children = (
				0A8B3DDB2080CFAA009154EC /* Coco */,
				0A8B3BDA2080AF4D009154EC /* AppDelegate.h */,
				0A8B3BDB2080AF4D009154EC /* AppDelegate.mm */,
				0A8B3BDD2080AF4D009154EC /* ViewController.h */,
				0A8B3BDE2080AF4D009154EC /* ViewController.mm */,
				0A8B3BE02080AF4D009154EC /* Main.storyboard */,
				0A8B3BE32080AF4E009154EC /* Assets.xcassets */,
				0A8B3BE52080AF4E009154EC /* LaunchScreen.storyboard */,
				0A8B3BE82080AF4E009154EC /* Info.plist */,
				0A8B3BE92080AF4E009154EC /* main.m */,
			);
			path = FBComponentkitDemo;
			sourceTree = "<group>";
		};
		0A8B3DB22080CCD0009154EC /* Frameworks */ = {
			isa = PBXGroup;
			children = (
			);
			name = Frameworks;
			sourceTree = "<group>";
		};
		0A8B3DDB2080CFAA009154EC /* Coco */ = {
			isa = PBXGroup;
			children = (
				0A8B3DDC2080CFCB009154EC /* CocoComponets */,
				0A8B3DE72080CFCC009154EC /* CocoModel.h */,
				0A8B3DE82080CFCC009154EC /* CocoModel.m */,
				0A8B3DE92080CFCC009154EC /* CocoVC.h */,
				0A8B3DEA2080CFCC009154EC /* CocoVC.mm */,
			);
			path = Coco;
			sourceTree = "<group>";
		};
		0A8B3DDC2080CFCB009154EC /* CocoComponets */ = {
			isa = PBXGroup;
			children = (
				0A8B3DDD2080CFCB009154EC /* CocoImageDownloader.h */,
				0A8B3DDE2080CFCB009154EC /* CocoVContentComponet.mm */,
				0A8B3DDF2080CFCB009154EC /* CocoImageDownloader.mm */,
				0A8B3DE02080CFCB009154EC /* CocoVFooterComponet.mm */,
				0A8B3DE12080CFCB009154EC /* CocoVComponet.h */,
				0A8B3DE22080CFCB009154EC /* CocoVHeaderComponet.h */,
				0A8B3DE32080CFCB009154EC /* CocoVContentComponet.h */,
				0A8B3DE42080CFCB009154EC /* CocoVHeaderComponet.mm */,
				0A8B3DE52080CFCB009154EC /* CocoVFooterComponet.h */,
				0A8B3DE62080CFCB009154EC /* CocoVComponet.mm */,
			);
			path = CocoComponets;
			sourceTree = "<group>";
		};
/* End PBXGroup section */

/* Begin PBXNativeTarget section */
		0A8B3BD62080AF4D009154EC /* FBComponentkitDemo */ = {
			isa = PBXNativeTarget;
			buildConfigurationList = 0A8B3BED2080AF4E009154EC /* Build configuration list for PBXNativeTarget "FBComponentkitDemo" */;
			buildPhases = (
				0A8B3BD32080AF4D009154EC /* Sources */,
				0A8B3BD42080AF4D009154EC /* Frameworks */,
				0A8B3BD52080AF4D009154EC /* Resources */,
				0A8B3DB82080CCD9009154EC /* Embed Frameworks */,
			);
			buildRules = (
			);
			dependencies = (
			);
			name = FBComponentkitDemo;
			productName = FBComponentkitDemo;
			productReference = 0A8B3BD72080AF4D009154EC /* FBComponentkitDemo.app */;
			productType = "com.apple.product-type.application";
		};
/* End PBXNativeTarget section */

/* Begin PBXProject section */
		0A8B3BCF2080AF4D009154EC /* Project object */ = {
			isa = PBXProject;
			attributes = {
				LastUpgradeCheck = 0930;
				ORGANIZATIONNAME = lining;
				TargetAttributes = {
					0A8B3BD62080AF4D009154EC = {
						CreatedOnToolsVersion = 9.3;
					};
				};
			};
			buildConfigurationList = 0A8B3BD22080AF4D009154EC /* Build configuration list for PBXProject "FBComponentkitDemo" */;
			compatibilityVersion = "Xcode 9.3";
			developmentRegion = en;
			hasScannedForEncodings = 0;
			knownRegions = (
				en,
				Base,
			);
			mainGroup = 0A8B3BCE2080AF4D009154EC;
			productRefGroup = 0A8B3BD82080AF4D009154EC /* Products */;
			projectDirPath = "";
			projectRoot = "";
			targets = (
				0A8B3BD62080AF4D009154EC /* FBComponentkitDemo */,
			);
		};
/* End PBXProject section */

/* Begin PBXResourcesBuildPhase section */
		0A8B3BD52080AF4D009154EC /* Resources */ = {
			isa = PBXResourcesBuildPhase;
			buildActionMask = 2147483647;
			files = (
				0A8B3BE72080AF4E009154EC /* LaunchScreen.storyboard in Resources */,
				0A8B3BE42080AF4E009154EC /* Assets.xcassets in Resources */,
				0A8B3BE22080AF4D009154EC /* Main.storyboard in Resources */,
			);
			runOnlyForDeploymentPostprocessing = 0;
		};
/* End PBXResourcesBuildPhase section */

/* Begin PBXSourcesBuildPhase section */
		0A8B3BD32080AF4D009154EC /* Sources */ = {
			isa = PBXSourcesBuildPhase;
			buildActionMask = 2147483647;
			files = (
				0A8B3BDF2080AF4D009154EC /* ViewController.mm in Sources */,
				0A8B3DEB2080CFCC009154EC /* CocoVContentComponet.mm in Sources */,
				0A8B3DEE2080CFCC009154EC /* CocoVHeaderComponet.mm in Sources */,
				0A8B3BEA2080AF4E009154EC /* main.m in Sources */,
				0A8B3DF12080CFCC009154EC /* CocoVC.mm in Sources */,
				0A8B3BDC2080AF4D009154EC /* AppDelegate.mm in Sources */,
				0A8B3DED2080CFCC009154EC /* CocoVFooterComponet.mm in Sources */,
				0A8B3DEC2080CFCC009154EC /* CocoImageDownloader.mm in Sources */,
				0A8B3DF02080CFCC009154EC /* CocoModel.m in Sources */,
				0A8B3DEF2080CFCC009154EC /* CocoVComponet.mm in Sources */,
			);
			runOnlyForDeploymentPostprocessing = 0;
		};
/* End PBXSourcesBuildPhase section */

/* Begin PBXVariantGroup section */
		0A8B3BE02080AF4D009154EC /* Main.storyboard */ = {
			isa = PBXVariantGroup;
			children = (
				0A8B3BE12080AF4D009154EC /* Base */,
			);
			name = Main.storyboard;
			sourceTree = "<group>";
		};
		0A8B3BE52080AF4E009154EC /* LaunchScreen.storyboard */ = {
			isa = PBXVariantGroup;
			children = (
				0A8B3BE62080AF4E009154EC /* Base */,
			);
			name = LaunchScreen.storyboard;
			sourceTree = "<group>";
		};
/* End PBXVariantGroup section */

/* Begin XCBuildConfiguration section */
		0A8B3BEB2080AF4E009154EC /* Debug */ = {
			isa = XCBuildConfiguration;
			buildSettings = {
				ALWAYS_SEARCH_USER_PATHS = NO;
				CLANG_ANALYZER_NONNULL = YES;
				CLANG_ANALYZER_NUMBER_OBJECT_CONVERSION = YES_AGGRESSIVE;
				CLANG_CXX_LANGUAGE_STANDARD = "gnu++14";
				CLANG_CXX_LIBRARY = "libc++";
				CLANG_ENABLE_MODULES = YES;
				CLANG_ENABLE_OBJC_ARC = YES;
				CLANG_ENABLE_OBJC_WEAK = YES;
				CLANG_WARN_BLOCK_CAPTURE_AUTORELEASING = YES;
				CLANG_WARN_BOOL_CONVERSION = YES;
				CLANG_WARN_COMMA = YES;
				CLANG_WARN_CONSTANT_CONVERSION = YES;
				CLANG_WARN_DEPRECATED_OBJC_IMPLEMENTATIONS = YES;
				CLANG_WARN_DIRECT_OBJC_ISA_USAGE = YES_ERROR;
				CLANG_WARN_DOCUMENTATION_COMMENTS = YES;
				CLANG_WARN_EMPTY_BODY = YES;
				CLANG_WARN_ENUM_CONVERSION = YES;
				CLANG_WARN_INFINITE_RECURSION = YES;
				CLANG_WARN_INT_CONVERSION = YES;
				CLANG_WARN_NON_LITERAL_NULL_CONVERSION = YES;
				CLANG_WARN_OBJC_IMPLICIT_RETAIN_SELF = YES;
				CLANG_WARN_OBJC_LITERAL_CONVERSION = YES;
				CLANG_WARN_OBJC_ROOT_CLASS = YES_ERROR;
				CLANG_WARN_RANGE_LOOP_ANALYSIS = YES;
				CLANG_WARN_STRICT_PROTOTYPES = YES;
				CLANG_WARN_SUSPICIOUS_MOVE = YES;
				CLANG_WARN_UNGUARDED_AVAILABILITY = YES_AGGRESSIVE;
				CLANG_WARN_UNREACHABLE_CODE = YES;
				CLANG_WARN__DUPLICATE_METHOD_MATCH = YES;
				CODE_SIGN_IDENTITY = "iPhone Developer";
				COPY_PHASE_STRIP = NO;
				DEBUG_INFORMATION_FORMAT = dwarf;
				ENABLE_STRICT_OBJC_MSGSEND = YES;
				ENABLE_TESTABILITY = YES;
				GCC_C_LANGUAGE_STANDARD = gnu11;
				GCC_DYNAMIC_NO_PIC = NO;
				GCC_NO_COMMON_BLOCKS = YES;
				GCC_OPTIMIZATION_LEVEL = 0;
				GCC_PREPROCESSOR_DEFINITIONS = (
					"DEBUG=1",
					"$(inherited)",
				);
				GCC_WARN_64_TO_32_BIT_CONVERSION = YES;
				GCC_WARN_ABOUT_RETURN_TYPE = YES_ERROR;
				GCC_WARN_UNDECLARED_SELECTOR = YES;
				GCC_WARN_UNINITIALIZED_AUTOS = YES_AGGRESSIVE;
				GCC_WARN_UNUSED_FUNCTION = YES;
				GCC_WARN_UNUSED_VARIABLE = YES;
				IPHONEOS_DEPLOYMENT_TARGET = 11.3;
				MTL_ENABLE_DEBUG_INFO = YES;
				ONLY_ACTIVE_ARCH = YES;
				SDKROOT = iphoneos;
			};
			name = Debug;
		};
		0A8B3BEC2080AF4E009154EC /* Release */ = {
			isa = XCBuildConfiguration;
			buildSettings = {
				ALWAYS_SEARCH_USER_PATHS = NO;
				CLANG_ANALYZER_NONNULL = YES;
				CLANG_ANALYZER_NUMBER_OBJECT_CONVERSION = YES_AGGRESSIVE;
				CLANG_CXX_LANGUAGE_STANDARD = "gnu++14";
				CLANG_CXX_LIBRARY = "libc++";
				CLANG_ENABLE_MODULES = YES;
				CLANG_ENABLE_OBJC_ARC = YES;
				CLANG_ENABLE_OBJC_WEAK = YES;
				CLANG_WARN_BLOCK_CAPTURE_AUTORELEASING = YES;
				CLANG_WARN_BOOL_CONVERSION = YES;
				CLANG_WARN_COMMA = YES;
				CLANG_WARN_CONSTANT_CONVERSION = YES;
				CLANG_WARN_DEPRECATED_OBJC_IMPLEMENTATIONS = YES;
				CLANG_WARN_DIRECT_OBJC_ISA_USAGE = YES_ERROR;
				CLANG_WARN_DOCUMENTATION_COMMENTS = YES;
				CLANG_WARN_EMPTY_BODY = YES;
				CLANG_WARN_ENUM_CONVERSION = YES;
				CLANG_WARN_INFINITE_RECURSION = YES;
				CLANG_WARN_INT_CONVERSION = YES;
				CLANG_WARN_NON_LITERAL_NULL_CONVERSION = YES;
				CLANG_WARN_OBJC_IMPLICIT_RETAIN_SELF = YES;
				CLANG_WARN_OBJC_LITERAL_CONVERSION = YES;
				CLANG_WARN_OBJC_ROOT_CLASS = YES_ERROR;
				CLANG_WARN_RANGE_LOOP_ANALYSIS = YES;
				CLANG_WARN_STRICT_PROTOTYPES = YES;
				CLANG_WARN_SUSPICIOUS_MOVE = YES;
				CLANG_WARN_UNGUARDED_AVAILABILITY = YES_AGGRESSIVE;
				CLANG_WARN_UNREACHABLE_CODE = YES;
				CLANG_WARN__DUPLICATE_METHOD_MATCH = YES;
				CODE_SIGN_IDENTITY = "iPhone Developer";
				COPY_PHASE_STRIP = NO;
				DEBUG_INFORMATION_FORMAT = "dwarf-with-dsym";
				ENABLE_NS_ASSERTIONS = NO;
				ENABLE_STRICT_OBJC_MSGSEND = YES;
				GCC_C_LANGUAGE_STANDARD = gnu11;
				GCC_NO_COMMON_BLOCKS = YES;
				GCC_WARN_64_TO_32_BIT_CONVERSION = YES;
				GCC_WARN_ABOUT_RETURN_TYPE = YES_ERROR;
				GCC_WARN_UNDECLARED_SELECTOR = YES;
				GCC_WARN_UNINITIALIZED_AUTOS = YES_AGGRESSIVE;
				GCC_WARN_UNUSED_FUNCTION = YES;
				GCC_WARN_UNUSED_VARIABLE = YES;
				IPHONEOS_DEPLOYMENT_TARGET = 11.3;
				MTL_ENABLE_DEBUG_INFO = NO;
				SDKROOT = iphoneos;
				VALIDATE_PRODUCT = YES;
			};
			name = Release;
		};
		0A8B3BEE2080AF4E009154EC /* Debug */ = {
			isa = XCBuildConfiguration;
			buildSettings = {
				ASSETCATALOG_COMPILER_APPICON_NAME = AppIcon;
				CODE_SIGN_STYLE = Automatic;
				DEVELOPMENT_TEAM = S9HRLGS74P;
				INFOPLIST_FILE = FBComponentkitDemo/Info.plist;
				LD_RUNPATH_SEARCH_PATHS = (
					"$(inherited)",
					"@executable_path/Frameworks",
				);
				PRODUCT_BUNDLE_IDENTIFIER = lining.ComponentKitDemo;
				PRODUCT_NAME = "$(TARGET_NAME)";
				TARGETED_DEVICE_FAMILY = "1,2";
			};
			name = Debug;
		};
		0A8B3BEF2080AF4E009154EC /* Release */ = {
			isa = XCBuildConfiguration;
			buildSettings = {
				ASSETCATALOG_COMPILER_APPICON_NAME = AppIcon;
				CODE_SIGN_STYLE = Automatic;
				DEVELOPMENT_TEAM = S9HRLGS74P;
				INFOPLIST_FILE = FBComponentkitDemo/Info.plist;
				LD_RUNPATH_SEARCH_PATHS = (
					"$(inherited)",
					"@executable_path/Frameworks",
				);
				PRODUCT_BUNDLE_IDENTIFIER = lining.ComponentKitDemo;
				PRODUCT_NAME = "$(TARGET_NAME)";
				TARGETED_DEVICE_FAMILY = "1,2";
			};
			name = Release;
		};
/* End XCBuildConfiguration section */

/* Begin XCConfigurationList section */
		0A8B3BD22080AF4D009154EC /* Build configuration list for PBXProject "FBComponentkitDemo" */ = {
			isa = XCConfigurationList;
			buildConfigurations = (
				0A8B3BEB2080AF4E009154EC /* Debug */,
				0A8B3BEC2080AF4E009154EC /* Release */,
			);
			defaultConfigurationIsVisible = 0;
			defaultConfigurationName = Release;
		};
		0A8B3BED2080AF4E009154EC /* Build configuration list for PBXNativeTarget "FBComponentkitDemo" */ = {
			isa = XCConfigurationList;
			buildConfigurations = (
				0A8B3BEE2080AF4E009154EC /* Debug */,
				0A8B3BEF2080AF4E009154EC /* Release */,
			);
			defaultConfigurationIsVisible = 0;
			defaultConfigurationName = Release;
		};
/* End XCConfigurationList section */
	};
	rootObject = 0A8B3BCF2080AF4D009154EC /* Project object */;
}
